
Microsoft Visual Studio Solution File, Format Version 12.00
# Visual Studio Version 17
VisualStudioVersion = 17.8.34330.188
MinimumVisualStudioVersion = 10.0.40219.1
Project("{2150E333-8FDC-42A3-9474-1A3956D46DE8}") = "Services", "Services", "{DBE85447-B943-4B2E-9648-5657BD1462D1}"
EndProject
Project("{2150E333-8FDC-42A3-9474-1A3956D46DE8}") = "Catalog", "Catalog", "{2D72829E-2686-4260-9C4A-C7FFCA14A711}"
EndProject
Project("{FAE04EC0-301F-11D3-BF4B-00C04F79EFBC}") = "Course.Services.Catalog", "Services\Catalog\Course.Services.Catalog\Course.Services.Catalog.csproj", "{CA8F089C-6FE4-4B53-BE56-B1FD31562C15}"
EndProject
Project("{2150E333-8FDC-42A3-9474-1A3956D46DE8}") = "Solution Items", "Solution Items", "{14237667-14F4-4EC9-9160-8627471BB1D0}"
	ProjectSection(SolutionItems) = preProject
		Ports.txt = Ports.txt
	EndProjectSection
EndProject
Project("{2150E333-8FDC-42A3-9474-1A3956D46DE8}") = "Shared", "Shared", "{16588E2E-DADB-4A11-9D7E-1B845B80012D}"
EndProject
Project("{FAE04EC0-301F-11D3-BF4B-00C04F79EFBC}") = "Course.Shared", "Shared\Course.Shared\Course.Shared.csproj", "{CD61D94A-C67E-4842-A0F1-61CBBDBDAA8F}"
EndProject
Global
	GlobalSection(SolutionConfigurationPlatforms) = preSolution
		Debug|Any CPU = Debug|Any CPU
		Release|Any CPU = Release|Any CPU
	EndGlobalSection
	GlobalSection(ProjectConfigurationPlatforms) = postSolution
		{CA8F089C-6FE4-4B53-BE56-B1FD31562C15}.Debug|Any CPU.ActiveCfg = Debug|Any CPU
		{CA8F089C-6FE4-4B53-BE56-B1FD31562C15}.Debug|Any CPU.Build.0 = Debug|Any CPU
		{CA8F089C-6FE4-4B53-BE56-B1FD31562C15}.Release|Any CPU.ActiveCfg = Release|Any CPU
		{CA8F089C-6FE4-4B53-BE56-B1FD31562C15}.Release|Any CPU.Build.0 = Release|Any CPU
		{CD61D94A-C67E-4842-A0F1-61CBBDBDAA8F}.Debug|Any CPU.ActiveCfg = Debug|Any CPU
		{CD61D94A-C67E-4842-A0F1-61CBBDBDAA8F}.Debug|Any CPU.Build.0 = Debug|Any CPU
		{CD61D94A-C67E-4842-A0F1-61CBBDBDAA8F}.Release|Any CPU.ActiveCfg = Release|Any CPU
		{CD61D94A-C67E-4842-A0F1-61CBBDBDAA8F}.Release|Any CPU.Build.0 = Release|Any CPU
	EndGlobalSection
	GlobalSection(SolutionProperties) = preSolution
		HideSolutionNode = FALSE
	EndGlobalSection
	GlobalSection(NestedProjects) = preSolution
		{2D72829E-2686-4260-9C4A-C7FFCA14A711} = {DBE85447-B943-4B2E-9648-5657BD1462D1}
		{CA8F089C-6FE4-4B53-BE56-B1FD31562C15} = {2D72829E-2686-4260-9C4A-C7FFCA14A711}
		{CD61D94A-C67E-4842-A0F1-61CBBDBDAA8F} = {16588E2E-DADB-4A11-9D7E-1B845B80012D}
	EndGlobalSection
	GlobalSection(ExtensibilityGlobals) = postSolution
		SolutionGuid = {05BBED80-5B0C-4970-9912-B89A034F111E}
	EndGlobalSection
EndGlobal
